
Microsoft Visual Studio Solution File, Format Version 12.00
# Visual Studio Version 16
VisualStudioVersion = 16.0.29905.134
MinimumVisualStudioVersion = 10.0.40219.1
Project("{FAE04EC0-301F-11D3-BF4B-00C04F79EFBC}") = "WebApp", "WebApp\WebApp.csproj", "{072858B4-E060-4FF5-808D-F5CA4F6C089D}"
EndProject
Global
	GlobalSection(SolutionConfigurationPlatforms) = preSolution
		Debug|Any CPU = Debug|Any CPU
		Release|Any CPU = Release|Any CPU
	EndGlobalSection
	GlobalSection(ProjectConfigurationPlatforms) = postSolution
		{072858B4-E060-4FF5-808D-F5CA4F6C089D}.Debug|Any CPU.ActiveCfg = Debug|Any CPU
		{072858B4-E060-4FF5-808D-F5CA4F6C089D}.Debug|Any CPU.Build.0 = Debug|Any CPU
		{072858B4-E060-4FF5-808D-F5CA4F6C089D}.Release|Any CPU.ActiveCfg = Release|Any CPU
		{072858B4-E060-4FF5-808D-F5CA4F6C089D}.Release|Any CPU.Build.0 = Release|Any CPU
	EndGlobalSection
	GlobalSection(SolutionProperties) = preSolution
		HideSolutionNode = FALSE
	EndGlobalSection
	GlobalSection(ExtensibilityGlobals) = postSolution
		SolutionGuid = {FA6C89B1-B4B3-42A2-84F0-A45D1123C2B8}
	EndGlobalSection
EndGlobal
